
Microsoft Visual Studio Solution File, Format Version 12.00
# Visual Studio Version 17
VisualStudioVersion = 17.14.36127.28 d17.14
MinimumVisualStudioVersion = 10.0.40219.1
Project("{FAE04EC0-301F-11D3-BF4B-00C04F79EFBC}") = "DuongLeTienTan_SachOnline", "DuongLeTienTan_SachOnline\DuongLeTienTan_SachOnline.csproj", "{E796D7FD-B3A3-4141-B6D0-CFD1F5A8B4FB}"
EndProject
Global
	GlobalSection(SolutionConfigurationPlatforms) = preSolution
		Debug|Any CPU = Debug|Any CPU
		Release|Any CPU = Release|Any CPU
	EndGlobalSection
	GlobalSection(ProjectConfigurationPlatforms) = postSolution
		{E796D7FD-B3A3-4141-B6D0-CFD1F5A8B4FB}.Debug|Any CPU.ActiveCfg = Debug|Any CPU
		{E796D7FD-B3A3-4141-B6D0-CFD1F5A8B4FB}.Debug|Any CPU.Build.0 = Debug|Any CPU
		{E796D7FD-B3A3-4141-B6D0-CFD1F5A8B4FB}.Release|Any CPU.ActiveCfg = Release|Any CPU
		{E796D7FD-B3A3-4141-B6D0-CFD1F5A8B4FB}.Release|Any CPU.Build.0 = Release|Any CPU
	EndGlobalSection
	GlobalSection(SolutionProperties) = preSolution
		HideSolutionNode = FALSE
	EndGlobalSection
	GlobalSection(ExtensibilityGlobals) = postSolution
		SolutionGuid = {093E2A14-CA2A-4C1C-855E-66177B5A3E9E}
	EndGlobalSection
EndGlobal
